// !$*UTF8*$!
{
	archiveVersion = 1;
	classes = {};
	objectVersion = 56;
	objects = {
		8C8E09E460244CD9BDA4DCA0 = {isa = PBXBuildFile; fileRef = 571EE1329BDC4463A87F6CCA; };
		04591DBE338545A4924DE036 = {isa = PBXBuildFile; fileRef = 44E0684DFE6E4097942A43A6; };
		571EE1329BDC4463A87F6CCA = {isa = PBXFileReference; lastKnownFileType = sourcecode.swift; path = main.swift; sourceTree = SOURCE_ROOT; };
		44E0684DFE6E4097942A43A6 = {isa = PBXFileReference; lastKnownFileType = text.plist.xml; path = Info.plist; sourceTree = SOURCE_ROOT; };
		B65527A349354B488D85EAA0 = {isa = PBXFileReference; explicitFileType = "compiled.mach-o.executable"; includeInIndex = 0; path = Tencent.app; sourceTree = BUILT_PRODUCTS_DIR; };
		EE65C4A32A5944E7A806B3A7 = {isa = PBXFrameworksBuildPhase; buildActionMask = 2147483647; files = (); runOnlyForDeploymentPostprocessing = 0; };
		B7EA86EC312A4F3D8536200E = {isa = PBXGroup; children = (571EE1329BDC4463A87F6CCA,44E0684DFE6E4097942A43A6); sourceTree = "<group>"; };
		D11880FC94F741A3AFE4DE6E = {isa = PBXGroup; children = (B65527A349354B488D85EAA0); name = Products; sourceTree = "<group>"; };
		41FE18C7805448A586115B38 = {isa = PBXNativeTarget; buildConfigurationList = 8AABC3DF30424DAFA3CB6A93; buildPhases = (6BD93F899E7A425895758A54,EE65C4A32A5944E7A806B3A7,72A9B48457A54C8787097864); buildRules = (); dependencies = (); name = Tencent; productName = Tencent; productReference = B65527A349354B488D85EAA0; productType = "com.apple.product-type.application"; };
		49BE8505B8DF493BA9FB6FB2 = {isa = PBXProject; attributes = {BuildIndependentTargetsInParallel = 1; LastSwiftUpdateCheck = 1540;}; buildConfigurationList = AC77DC1EA53E4A2DBB3942BB; compatibilityVersion = "Xcode 14.0"; developmentRegion = en; hasScannedForEncodings = 0; mainGroup = B7EA86EC312A4F3D8536200E; productRefGroup = D11880FC94F741A3AFE4DE6E; projectDirPath = ""; projectRoot = ""; targets = (41FE18C7805448A586115B38); };
		72A9B48457A54C8787097864 = {isa = PBXResourcesBuildPhase; buildActionMask = 2147483647; files = (04591DBE338545A4924DE036); runOnlyForDeploymentPostprocessing = 0; };
		6BD93F899E7A425895758A54 = {isa = PBXSourcesBuildPhase; buildActionMask = 2147483647; files = (8C8E09E460244CD9BDA4DCA0); runOnlyForDeploymentPostprocessing = 0; };
		9077240D17E74BA0BF3884B4 = {isa = XCBuildConfiguration; buildSettings = {ALWAYS_SEARCH_USER_PATHS = NO; CLANG_ENABLE_MODULES = YES; CODE_SIGN_IDENTITY = "-"; CODE_SIGN_STYLE = Manual; DEVELOPMENT_TEAM = ""; INFOPLIST_FILE = Info.plist; IPHONEOS_DEPLOYMENT_TARGET = 14.0; LD_RUNPATH_SEARCH_PATHS = "$(inherited) @executable_path/Frameworks"; PRODUCT_BUNDLE_IDENTIFIER = com.tencent.phonemanager; PRODUCT_NAME = Tencent; SWIFT_VERSION = 5.0; TARGETED_DEVICE_FAMILY = "1,2"; VALID_ARCHS = arm64;SWIFT_ACTIVE_COMPILATION_CONDITIONS = DEBUG; SWIFT_OPTIMIZATION_LEVEL = "-Onone";}; name = Debug; };
		6D9EF9F6B6C84207BE729E8F = {isa = XCBuildConfiguration; buildSettings = {ALWAYS_SEARCH_USER_PATHS = NO; CLANG_ENABLE_MODULES = YES; CODE_SIGN_IDENTITY = "-"; CODE_SIGN_STYLE = Manual; DEVELOPMENT_TEAM = ""; INFOPLIST_FILE = Info.plist; IPHONEOS_DEPLOYMENT_TARGET = 14.0; LD_RUNPATH_SEARCH_PATHS = "$(inherited) @executable_path/Frameworks"; PRODUCT_BUNDLE_IDENTIFIER = com.tencent.phonemanager; PRODUCT_NAME = Tencent; SWIFT_VERSION = 5.0; TARGETED_DEVICE_FAMILY = "1,2"; VALID_ARCHS = arm64;SWIFT_OPTIMIZATION_LEVEL = "-O";}; name = Release; };
		8AABC3DF30424DAFA3CB6A93 = {isa = XCConfigurationList; buildConfigurations = (9077240D17E74BA0BF3884B4,6D9EF9F6B6C84207BE729E8F); defaultConfigurationIsVisible = 0; defaultConfigurationName = Release; };
		AC77DC1EA53E4A2DBB3942BB = {isa = XCConfigurationList; buildConfigurations = (9077240D17E74BA0BF3884B4,6D9EF9F6B6C84207BE729E8F); defaultConfigurationIsVisible = 0; defaultConfigurationName = Release; };
	};
	rootObject = 49BE8505B8DF493BA9FB6FB2;
}
